// !$*UTF8*$!
{
	archiveVersion = 1;
	classes = {
	};
	objectVersion = 56;
	objects = {

/* Begin PBXBuildFile section */
		D8174BD42A5C311100FC76FC /* OffsetObservingScrollView.swift in Sources */ = {isa = PBXBuildFile; fileRef = D8174BD32A5C311100FC76FC /* OffsetObservingScrollView.swift */; };
		D87A8E3B2A7E244F002BA412 /* PawButton.swift in Sources */ = {isa = PBXBuildFile; fileRef = D87A8E3A2A7E244F002BA412 /* PawButton.swift */; };
		D87A8E3E2A7E4345002BA412 /* Colors.xcassets in Resources */ = {isa = PBXBuildFile; fileRef = D87A8E3D2A7E4345002BA412 /* Colors.xcassets */; };
		D87A8E462A7FAB03002BA412 /* PagePicker.swift in Sources */ = {isa = PBXBuildFile; fileRef = D87A8E452A7FAB03002BA412 /* PagePicker.swift */; };
		D87CA2142A7633860008FA9C /* LottoTicket.swift in Sources */ = {isa = PBXBuildFile; fileRef = D87CA2132A7633860008FA9C /* LottoTicket.swift */; };
		D87CA2162A76489B0008FA9C /* LottoTicketRow.swift in Sources */ = {isa = PBXBuildFile; fileRef = D87CA2152A76489B0008FA9C /* LottoTicketRow.swift */; };
		D87CA2182A775A420008FA9C /* PensionBallRow.swift in Sources */ = {isa = PBXBuildFile; fileRef = D87CA2172A775A420008FA9C /* PensionBallRow.swift */; };
		D87CA21A2A77ED240008FA9C /* PensionTicket.swift in Sources */ = {isa = PBXBuildFile; fileRef = D87CA2192A77ED240008FA9C /* PensionTicket.swift */; };
		D87CA21C2A77EF380008FA9C /* PensionTicketRow.swift in Sources */ = {isa = PBXBuildFile; fileRef = D87CA21B2A77EF380008FA9C /* PensionTicketRow.swift */; };
		D87CA21E2A77F4E90008FA9C /* PensionNumberBoard.swift in Sources */ = {isa = PBXBuildFile; fileRef = D87CA21D2A77F4E90008FA9C /* PensionNumberBoard.swift */; };
		D87CA2242A791F7A0008FA9C /* MenuView.swift in Sources */ = {isa = PBXBuildFile; fileRef = D87CA2232A791F7A0008FA9C /* MenuView.swift */; };
		D87CA2262A7929B10008FA9C /* FetchingView.swift in Sources */ = {isa = PBXBuildFile; fileRef = D87CA2252A7929B10008FA9C /* FetchingView.swift */; };
		D87CA2282A7944360008FA9C /* UserDefaults.swift in Sources */ = {isa = PBXBuildFile; fileRef = D87CA2272A7944360008FA9C /* UserDefaults.swift */; };
		D87CA22A2A7A3AD20008FA9C /* CustomErrors.swift in Sources */ = {isa = PBXBuildFile; fileRef = D87CA2292A7A3AD20008FA9C /* CustomErrors.swift */; };
		D87CA22C2A7BA05E0008FA9C /* PensionResultBoard.swift in Sources */ = {isa = PBXBuildFile; fileRef = D87CA22B2A7BA05E0008FA9C /* PensionResultBoard.swift */; };
		D87CA22E2A7BAA0F0008FA9C /* PensionResultList.swift in Sources */ = {isa = PBXBuildFile; fileRef = D87CA22D2A7BAA0F0008FA9C /* PensionResultList.swift */; };
		D87CA2302A7BAA410008FA9C /* PensionRatioGraphView.swift in Sources */ = {isa = PBXBuildFile; fileRef = D87CA22F2A7BAA410008FA9C /* PensionRatioGraphView.swift */; };
		D87CA2322A7BACE10008FA9C /* PensionResultDetail.swift in Sources */ = {isa = PBXBuildFile; fileRef = D87CA2312A7BACE10008FA9C /* PensionResultDetail.swift */; };
		D87CA2342A7BC9160008FA9C /* StringExtension.swift in Sources */ = {isa = PBXBuildFile; fileRef = D87CA2332A7BC9160008FA9C /* StringExtension.swift */; };
		D87CA2362A7BD6360008FA9C /* LottoResultRow.swift in Sources */ = {isa = PBXBuildFile; fileRef = D87CA2352A7BD6360008FA9C /* LottoResultRow.swift */; };
		D87CA2382A7BD6A80008FA9C /* PensionResultRow.swift in Sources */ = {isa = PBXBuildFile; fileRef = D87CA2372A7BD6A80008FA9C /* PensionResultRow.swift */; };
		D8919DCA2A5BE999008591F1 /* BarGraph.swift in Sources */ = {isa = PBXBuildFile; fileRef = D8919DC92A5BE999008591F1 /* BarGraph.swift */; };
		D8AB9BB92A526B5400E5883C /* LatteryApp.swift in Sources */ = {isa = PBXBuildFile; fileRef = D8AB9BB82A526B5400E5883C /* LatteryApp.swift */; };
		D8AB9BBB2A526B5400E5883C /* ContentView.swift in Sources */ = {isa = PBXBuildFile; fileRef = D8AB9BBA2A526B5400E5883C /* ContentView.swift */; };
		D8AB9BBD2A526B5500E5883C /* Images.xcassets in Resources */ = {isa = PBXBuildFile; fileRef = D8AB9BBC2A526B5500E5883C /* Images.xcassets */; };
		D8AB9BC12A526B5500E5883C /* Preview Assets.xcassets in Resources */ = {isa = PBXBuildFile; fileRef = D8AB9BC02A526B5500E5883C /* Preview Assets.xcassets */; };
		D8AB9BC82A526E5800E5883C /* LottoDrawLotView.swift in Sources */ = {isa = PBXBuildFile; fileRef = D8AB9BC72A526E5800E5883C /* LottoDrawLotView.swift */; };
		D8AB9BCA2A52705F00E5883C /* LottoData.swift in Sources */ = {isa = PBXBuildFile; fileRef = D8AB9BC92A52705F00E5883C /* LottoData.swift */; };
		D8AB9BD22A52ADD500E5883C /* LottoBall.swift in Sources */ = {isa = PBXBuildFile; fileRef = D8AB9BD12A52ADD500E5883C /* LottoBall.swift */; };
		D8AB9BD42A52B68B00E5883C /* ColorExtension.swift in Sources */ = {isa = PBXBuildFile; fileRef = D8AB9BD32A52B68B00E5883C /* ColorExtension.swift */; };
		D8C4EE5E2A53F1FC0092BCA6 /* Launch Screen.storyboard in Resources */ = {isa = PBXBuildFile; fileRef = D8C4EE5D2A53F1FC0092BCA6 /* Launch Screen.storyboard */; };
		D8C4EE702A5434A40092BCA6 /* GangwonEduPower.ttf in Resources */ = {isa = PBXBuildFile; fileRef = D8C4EE6F2A5434A40092BCA6 /* GangwonEduPower.ttf */; };
		D8C4EE722A5441D30092BCA6 /* BackgroundView.swift in Sources */ = {isa = PBXBuildFile; fileRef = D8C4EE712A5441D30092BCA6 /* BackgroundView.swift */; };
		D8C4EE792A5545C30092BCA6 /* LottoStatView.swift in Sources */ = {isa = PBXBuildFile; fileRef = D8C4EE782A5545C30092BCA6 /* LottoStatView.swift */; };
		D8C4EE7B2A5545D90092BCA6 /* PensionDrawLotView.swift in Sources */ = {isa = PBXBuildFile; fileRef = D8C4EE7A2A5545D90092BCA6 /* PensionDrawLotView.swift */; };
		D8C4EE7D2A5545E40092BCA6 /* PensionStatView.swift in Sources */ = {isa = PBXBuildFile; fileRef = D8C4EE7C2A5545E40092BCA6 /* PensionStatView.swift */; };
		D8C4EE7F2A5545ED0092BCA6 /* SettingView.swift in Sources */ = {isa = PBXBuildFile; fileRef = D8C4EE7E2A5545ED0092BCA6 /* SettingView.swift */; };
		D8D659062A556965003F2516 /* Lotto.swift in Sources */ = {isa = PBXBuildFile; fileRef = D8D659052A556965003F2516 /* Lotto.swift */; };
		D8D659102A568830003F2516 /* LoadingView.swift in Sources */ = {isa = PBXBuildFile; fileRef = D8D6590F2A568830003F2516 /* LoadingView.swift */; };
		D8D659142A57D192003F2516 /* DateExtension.swift in Sources */ = {isa = PBXBuildFile; fileRef = D8D659132A57D192003F2516 /* DateExtension.swift */; };
		D8D659162A5806CE003F2516 /* LottoResultList.swift in Sources */ = {isa = PBXBuildFile; fileRef = D8D659152A5806CE003F2516 /* LottoResultList.swift */; };
		D8D6591A2A594D26003F2516 /* LottoResultBoard.swift in Sources */ = {isa = PBXBuildFile; fileRef = D8D659192A594D26003F2516 /* LottoResultBoard.swift */; };
		D8D6591E2A5A61B2003F2516 /* LottoResultDetail.swift in Sources */ = {isa = PBXBuildFile; fileRef = D8D6591D2A5A61B2003F2516 /* LottoResultDetail.swift */; };
		D8D659202A5BAEFD003F2516 /* LottoCountGraphView.swift in Sources */ = {isa = PBXBuildFile; fileRef = D8D6591F2A5BAEFD003F2516 /* LottoCountGraphView.swift */; };
		D8D659222A5BB42C003F2516 /* PersistenceController.swift in Sources */ = {isa = PBXBuildFile; fileRef = D8D659212A5BB42C003F2516 /* PersistenceController.swift */; };
		D8D659282A5BCB2E003F2516 /* DataModel.xcdatamodeld in Sources */ = {isa = PBXBuildFile; fileRef = D8D659262A5BCB2E003F2516 /* DataModel.xcdatamodeld */; };
		D8F87BD42A5DB7A700940E3B /* LottoRatioGraphView.swift in Sources */ = {isa = PBXBuildFile; fileRef = D8F87BD32A5DB7A700940E3B /* LottoRatioGraphView.swift */; };
		D8F87BD62A5DB93400940E3B /* RatioBarGraph.swift in Sources */ = {isa = PBXBuildFile; fileRef = D8F87BD52A5DB93400940E3B /* RatioBarGraph.swift */; };
		D8F87BD82A5E95DF00940E3B /* LottoBallRow.swift in Sources */ = {isa = PBXBuildFile; fileRef = D8F87BD72A5E95DF00940E3B /* LottoBallRow.swift */; };
		D8F87BDC2A5EEC8E00940E3B /* LottoNumberBoard.swift in Sources */ = {isa = PBXBuildFile; fileRef = D8F87BDB2A5EEC8E00940E3B /* LottoNumberBoard.swift */; };
		D8F87BE02A6029C300940E3B /* DrawLotButton.swift in Sources */ = {isa = PBXBuildFile; fileRef = D8F87BDF2A6029C300940E3B /* DrawLotButton.swift */; };
		D8F87BE22A62750900940E3B /* Pension.swift in Sources */ = {isa = PBXBuildFile; fileRef = D8F87BE12A62750900940E3B /* Pension.swift */; };
		D8F87BE42A62769C00940E3B /* PensionData.swift in Sources */ = {isa = PBXBuildFile; fileRef = D8F87BE32A62769C00940E3B /* PensionData.swift */; };
		D8F87BE62A63AAF500940E3B /* RefreshButton.swift in Sources */ = {isa = PBXBuildFile; fileRef = D8F87BE52A63AAF500940E3B /* RefreshButton.swift */; };
		D8F87BE82A6404A500940E3B /* PensionBall.swift in Sources */ = {isa = PBXBuildFile; fileRef = D8F87BE72A6404A500940E3B /* PensionBall.swift */; };
		D8F87BEA2A72332400940E3B /* LottoFavorites.swift in Sources */ = {isa = PBXBuildFile; fileRef = D8F87BE92A72332400940E3B /* LottoFavorites.swift */; };
/* End PBXBuildFile section */

/* Begin PBXFileReference section */
		D8174BD32A5C311100FC76FC /* OffsetObservingScrollView.swift */ = {isa = PBXFileReference; lastKnownFileType = sourcecode.swift; path = OffsetObservingScrollView.swift; sourceTree = "<group>"; };
		D87A8E3A2A7E244F002BA412 /* PawButton.swift */ = {isa = PBXFileReference; lastKnownFileType = sourcecode.swift; path = PawButton.swift; sourceTree = "<group>"; };
		D87A8E3D2A7E4345002BA412 /* Colors.xcassets */ = {isa = PBXFileReference; lastKnownFileType = folder.assetcatalog; path = Colors.xcassets; sourceTree = "<group>"; };
		D87A8E452A7FAB03002BA412 /* PagePicker.swift */ = {isa = PBXFileReference; lastKnownFileType = sourcecode.swift; path = PagePicker.swift; sourceTree = "<group>"; };
		D87CA2132A7633860008FA9C /* LottoTicket.swift */ = {isa = PBXFileReference; lastKnownFileType = sourcecode.swift; path = LottoTicket.swift; sourceTree = "<group>"; };
		D87CA2152A76489B0008FA9C /* LottoTicketRow.swift */ = {isa = PBXFileReference; lastKnownFileType = sourcecode.swift; path = LottoTicketRow.swift; sourceTree = "<group>"; };
		D87CA2172A775A420008FA9C /* PensionBallRow.swift */ = {isa = PBXFileReference; lastKnownFileType = sourcecode.swift; path = PensionBallRow.swift; sourceTree = "<group>"; };
		D87CA2192A77ED240008FA9C /* PensionTicket.swift */ = {isa = PBXFileReference; lastKnownFileType = sourcecode.swift; path = PensionTicket.swift; sourceTree = "<group>"; };
		D87CA21B2A77EF380008FA9C /* PensionTicketRow.swift */ = {isa = PBXFileReference; lastKnownFileType = sourcecode.swift; path = PensionTicketRow.swift; sourceTree = "<group>"; };
		D87CA21D2A77F4E90008FA9C /* PensionNumberBoard.swift */ = {isa = PBXFileReference; lastKnownFileType = sourcecode.swift; path = PensionNumberBoard.swift; sourceTree = "<group>"; };
		D87CA2232A791F7A0008FA9C /* MenuView.swift */ = {isa = PBXFileReference; lastKnownFileType = sourcecode.swift; path = MenuView.swift; sourceTree = "<group>"; };
		D87CA2252A7929B10008FA9C /* FetchingView.swift */ = {isa = PBXFileReference; lastKnownFileType = sourcecode.swift; path = FetchingView.swift; sourceTree = "<group>"; };
		D87CA2272A7944360008FA9C /* UserDefaults.swift */ = {isa = PBXFileReference; lastKnownFileType = sourcecode.swift; path = UserDefaults.swift; sourceTree = "<group>"; };
		D87CA2292A7A3AD20008FA9C /* CustomErrors.swift */ = {isa = PBXFileReference; lastKnownFileType = sourcecode.swift; path = CustomErrors.swift; sourceTree = "<group>"; };
		D87CA22B2A7BA05E0008FA9C /* PensionResultBoard.swift */ = {isa = PBXFileReference; lastKnownFileType = sourcecode.swift; path = PensionResultBoard.swift; sourceTree = "<group>"; };
		D87CA22D2A7BAA0F0008FA9C /* PensionResultList.swift */ = {isa = PBXFileReference; lastKnownFileType = sourcecode.swift; path = PensionResultList.swift; sourceTree = "<group>"; };
		D87CA22F2A7BAA410008FA9C /* PensionRatioGraphView.swift */ = {isa = PBXFileReference; lastKnownFileType = sourcecode.swift; path = PensionRatioGraphView.swift; sourceTree = "<group>"; };
		D87CA2312A7BACE10008FA9C /* PensionResultDetail.swift */ = {isa = PBXFileReference; lastKnownFileType = sourcecode.swift; path = PensionResultDetail.swift; sourceTree = "<group>"; };
		D87CA2332A7BC9160008FA9C /* StringExtension.swift */ = {isa = PBXFileReference; lastKnownFileType = sourcecode.swift; path = StringExtension.swift; sourceTree = "<group>"; };
		D87CA2352A7BD6360008FA9C /* LottoResultRow.swift */ = {isa = PBXFileReference; lastKnownFileType = sourcecode.swift; path = LottoResultRow.swift; sourceTree = "<group>"; };
		D87CA2372A7BD6A80008FA9C /* PensionResultRow.swift */ = {isa = PBXFileReference; lastKnownFileType = sourcecode.swift; path = PensionResultRow.swift; sourceTree = "<group>"; };
		D8919DC92A5BE999008591F1 /* BarGraph.swift */ = {isa = PBXFileReference; lastKnownFileType = sourcecode.swift; path = BarGraph.swift; sourceTree = "<group>"; };
		D8AB9BB52A526B5400E5883C /* Lattery.app */ = {isa = PBXFileReference; explicitFileType = wrapper.application; includeInIndex = 0; path = Lattery.app; sourceTree = BUILT_PRODUCTS_DIR; };
		D8AB9BB82A526B5400E5883C /* LatteryApp.swift */ = {isa = PBXFileReference; lastKnownFileType = sourcecode.swift; path = LatteryApp.swift; sourceTree = "<group>"; };
		D8AB9BBA2A526B5400E5883C /* ContentView.swift */ = {isa = PBXFileReference; lastKnownFileType = sourcecode.swift; path = ContentView.swift; sourceTree = "<group>"; };
		D8AB9BBC2A526B5500E5883C /* Images.xcassets */ = {isa = PBXFileReference; lastKnownFileType = folder.assetcatalog; path = Images.xcassets; sourceTree = "<group>"; };
		D8AB9BBE2A526B5500E5883C /* Lattery.entitlements */ = {isa = PBXFileReference; lastKnownFileType = text.plist.entitlements; path = Lattery.entitlements; sourceTree = "<group>"; };
		D8AB9BC02A526B5500E5883C /* Preview Assets.xcassets */ = {isa = PBXFileReference; lastKnownFileType = folder.assetcatalog; path = "Preview Assets.xcassets"; sourceTree = "<group>"; };
		D8AB9BC72A526E5800E5883C /* LottoDrawLotView.swift */ = {isa = PBXFileReference; lastKnownFileType = sourcecode.swift; path = LottoDrawLotView.swift; sourceTree = "<group>"; };
		D8AB9BC92A52705F00E5883C /* LottoData.swift */ = {isa = PBXFileReference; lastKnownFileType = sourcecode.swift; path = LottoData.swift; sourceTree = "<group>"; };
		D8AB9BD12A52ADD500E5883C /* LottoBall.swift */ = {isa = PBXFileReference; lastKnownFileType = sourcecode.swift; path = LottoBall.swift; sourceTree = "<group>"; };
		D8AB9BD32A52B68B00E5883C /* ColorExtension.swift */ = {isa = PBXFileReference; lastKnownFileType = sourcecode.swift; path = ColorExtension.swift; sourceTree = "<group>"; };
		D8C4EE5D2A53F1FC0092BCA6 /* Launch Screen.storyboard */ = {isa = PBXFileReference; lastKnownFileType = file.storyboard; path = "Launch Screen.storyboard"; sourceTree = "<group>"; };
		D8C4EE6A2A5431240092BCA6 /* Info.plist */ = {isa = PBXFileReference; lastKnownFileType = text.plist; path = Info.plist; sourceTree = "<group>"; };
		D8C4EE6F2A5434A40092BCA6 /* GangwonEduPower.ttf */ = {isa = PBXFileReference; lastKnownFileType = file; path = GangwonEduPower.ttf; sourceTree = "<group>"; };
		D8C4EE712A5441D30092BCA6 /* BackgroundView.swift */ = {isa = PBXFileReference; lastKnownFileType = sourcecode.swift; path = BackgroundView.swift; sourceTree = "<group>"; };
		D8C4EE782A5545C30092BCA6 /* LottoStatView.swift */ = {isa = PBXFileReference; lastKnownFileType = sourcecode.swift; path = LottoStatView.swift; sourceTree = "<group>"; };
		D8C4EE7A2A5545D90092BCA6 /* PensionDrawLotView.swift */ = {isa = PBXFileReference; lastKnownFileType = sourcecode.swift; path = PensionDrawLotView.swift; sourceTree = "<group>"; };
		D8C4EE7C2A5545E40092BCA6 /* PensionStatView.swift */ = {isa = PBXFileReference; lastKnownFileType = sourcecode.swift; path = PensionStatView.swift; sourceTree = "<group>"; };
		D8C4EE7E2A5545ED0092BCA6 /* SettingView.swift */ = {isa = PBXFileReference; lastKnownFileType = sourcecode.swift; path = SettingView.swift; sourceTree = "<group>"; };
		D8D659052A556965003F2516 /* Lotto.swift */ = {isa = PBXFileReference; lastKnownFileType = sourcecode.swift; path = Lotto.swift; sourceTree = "<group>"; };
		D8D6590F2A568830003F2516 /* LoadingView.swift */ = {isa = PBXFileReference; lastKnownFileType = sourcecode.swift; path = LoadingView.swift; sourceTree = "<group>"; };
		D8D659132A57D192003F2516 /* DateExtension.swift */ = {isa = PBXFileReference; lastKnownFileType = sourcecode.swift; path = DateExtension.swift; sourceTree = "<group>"; };
		D8D659152A5806CE003F2516 /* LottoResultList.swift */ = {isa = PBXFileReference; lastKnownFileType = sourcecode.swift; path = LottoResultList.swift; sourceTree = "<group>"; };
		D8D659192A594D26003F2516 /* LottoResultBoard.swift */ = {isa = PBXFileReference; lastKnownFileType = sourcecode.swift; path = LottoResultBoard.swift; sourceTree = "<group>"; };
		D8D6591D2A5A61B2003F2516 /* LottoResultDetail.swift */ = {isa = PBXFileReference; lastKnownFileType = sourcecode.swift; path = LottoResultDetail.swift; sourceTree = "<group>"; };
		D8D6591F2A5BAEFD003F2516 /* LottoCountGraphView.swift */ = {isa = PBXFileReference; lastKnownFileType = sourcecode.swift; path = LottoCountGraphView.swift; sourceTree = "<group>"; };
		D8D659212A5BB42C003F2516 /* PersistenceController.swift */ = {isa = PBXFileReference; lastKnownFileType = sourcecode.swift; path = PersistenceController.swift; sourceTree = "<group>"; };
		D8D659272A5BCB2E003F2516 /* DataModel.xcdatamodel */ = {isa = PBXFileReference; lastKnownFileType = wrapper.xcdatamodel; path = DataModel.xcdatamodel; sourceTree = "<group>"; };
		D8F87BD32A5DB7A700940E3B /* LottoRatioGraphView.swift */ = {isa = PBXFileReference; lastKnownFileType = sourcecode.swift; path = LottoRatioGraphView.swift; sourceTree = "<group>"; };
		D8F87BD52A5DB93400940E3B /* RatioBarGraph.swift */ = {isa = PBXFileReference; lastKnownFileType = sourcecode.swift; path = RatioBarGraph.swift; sourceTree = "<group>"; };
		D8F87BD72A5E95DF00940E3B /* LottoBallRow.swift */ = {isa = PBXFileReference; lastKnownFileType = sourcecode.swift; path = LottoBallRow.swift; sourceTree = "<group>"; };
		D8F87BDB2A5EEC8E00940E3B /* LottoNumberBoard.swift */ = {isa = PBXFileReference; lastKnownFileType = sourcecode.swift; path = LottoNumberBoard.swift; sourceTree = "<group>"; };
		D8F87BDF2A6029C300940E3B /* DrawLotButton.swift */ = {isa = PBXFileReference; lastKnownFileType = sourcecode.swift; path = DrawLotButton.swift; sourceTree = "<group>"; };
		D8F87BE12A62750900940E3B /* Pension.swift */ = {isa = PBXFileReference; lastKnownFileType = sourcecode.swift; path = Pension.swift; sourceTree = "<group>"; };
		D8F87BE32A62769C00940E3B /* PensionData.swift */ = {isa = PBXFileReference; lastKnownFileType = sourcecode.swift; path = PensionData.swift; sourceTree = "<group>"; };
		D8F87BE52A63AAF500940E3B /* RefreshButton.swift */ = {isa = PBXFileReference; lastKnownFileType = sourcecode.swift; path = RefreshButton.swift; sourceTree = "<group>"; };
		D8F87BE72A6404A500940E3B /* PensionBall.swift */ = {isa = PBXFileReference; lastKnownFileType = sourcecode.swift; path = PensionBall.swift; sourceTree = "<group>"; };
		D8F87BE92A72332400940E3B /* LottoFavorites.swift */ = {isa = PBXFileReference; lastKnownFileType = sourcecode.swift; path = LottoFavorites.swift; sourceTree = "<group>"; };
/* End PBXFileReference section */

/* Begin PBXFrameworksBuildPhase section */
		D8AB9BB22A526B5400E5883C /* Frameworks */ = {
			isa = PBXFrameworksBuildPhase;
			buildActionMask = 2147483647;
			files = (
			);
			runOnlyForDeploymentPostprocessing = 0;
		};
/* End PBXFrameworksBuildPhase section */

/* Begin PBXGroup section */
		D87A8E412A7FA81E002BA412 /* DrawLot */ = {
			isa = PBXGroup;
			children = (
				D8AB9BC72A526E5800E5883C /* LottoDrawLotView.swift */,
				D8F87BD72A5E95DF00940E3B /* LottoBallRow.swift */,
				D8AB9BD12A52ADD500E5883C /* LottoBall.swift */,
				D8F87BDB2A5EEC8E00940E3B /* LottoNumberBoard.swift */,
				D87CA2132A7633860008FA9C /* LottoTicket.swift */,
				D87CA2152A76489B0008FA9C /* LottoTicketRow.swift */,
				D8F87BE92A72332400940E3B /* LottoFavorites.swift */,
			);
			path = DrawLot;
			sourceTree = "<group>";
		};
		D87A8E422A7FA826002BA412 /* Stat */ = {
			isa = PBXGroup;
			children = (
				D8C4EE782A5545C30092BCA6 /* LottoStatView.swift */,
				D8D659192A594D26003F2516 /* LottoResultBoard.swift */,
				D8D659152A5806CE003F2516 /* LottoResultList.swift */,
				D87CA2352A7BD6360008FA9C /* LottoResultRow.swift */,
				D8D6591D2A5A61B2003F2516 /* LottoResultDetail.swift */,
				D8D6591F2A5BAEFD003F2516 /* LottoCountGraphView.swift */,
				D8F87BD32A5DB7A700940E3B /* LottoRatioGraphView.swift */,
			);
			path = Stat;
			sourceTree = "<group>";
		};
		D87A8E432A7FA831002BA412 /* DrawLot */ = {
			isa = PBXGroup;
			children = (
				D8C4EE7A2A5545D90092BCA6 /* PensionDrawLotView.swift */,
				D87CA2172A775A420008FA9C /* PensionBallRow.swift */,
				D8F87BE72A6404A500940E3B /* PensionBall.swift */,
				D87CA21D2A77F4E90008FA9C /* PensionNumberBoard.swift */,
				D87CA2192A77ED240008FA9C /* PensionTicket.swift */,
				D87CA21B2A77EF380008FA9C /* PensionTicketRow.swift */,
			);
			path = DrawLot;
			sourceTree = "<group>";
		};
		D87A8E442A7FA838002BA412 /* Stat */ = {
			isa = PBXGroup;
			children = (
				D8C4EE7C2A5545E40092BCA6 /* PensionStatView.swift */,
				D87CA22B2A7BA05E0008FA9C /* PensionResultBoard.swift */,
				D87CA22D2A7BAA0F0008FA9C /* PensionResultList.swift */,
				D87CA2372A7BD6A80008FA9C /* PensionResultRow.swift */,
				D87CA2312A7BACE10008FA9C /* PensionResultDetail.swift */,
				D87CA22F2A7BAA410008FA9C /* PensionRatioGraphView.swift */,
			);
			path = Stat;
			sourceTree = "<group>";
		};
		D8AB9BAC2A526B5400E5883C = {
			isa = PBXGroup;
			children = (
				D8AB9BB72A526B5400E5883C /* Lattery */,
				D8AB9BB62A526B5400E5883C /* Products */,
			);
			sourceTree = "<group>";
		};
		D8AB9BB62A526B5400E5883C /* Products */ = {
			isa = PBXGroup;
			children = (
				D8AB9BB52A526B5400E5883C /* Lattery.app */,
			);
			name = Products;
			sourceTree = "<group>";
		};
		D8AB9BB72A526B5400E5883C /* Lattery */ = {
			isa = PBXGroup;
			children = (
				D8C4EE6A2A5431240092BCA6 /* Info.plist */,
				D8AB9BB82A526B5400E5883C /* LatteryApp.swift */,
				D8C4EE5D2A53F1FC0092BCA6 /* Launch Screen.storyboard */,
				D8AB9BCE2A5284DF00E5883C /* Views */,
				D8AB9BCD2A5284CB00E5883C /* Models */,
				D8C4EE632A53F5D90092BCA6 /* Utils */,
				D8C4EE642A542EC70092BCA6 /* Assets */,
				D8AB9BBE2A526B5500E5883C /* Lattery.entitlements */,
				D8AB9BBF2A526B5500E5883C /* Preview Content */,
			);
			path = Lattery;
			sourceTree = "<group>";
		};
		D8AB9BBF2A526B5500E5883C /* Preview Content */ = {
			isa = PBXGroup;
			children = (
				D8AB9BC02A526B5500E5883C /* Preview Assets.xcassets */,
			);
			path = "Preview Content";
			sourceTree = "<group>";
		};
		D8AB9BCD2A5284CB00E5883C /* Models */ = {
			isa = PBXGroup;
			children = (
				D8D659262A5BCB2E003F2516 /* DataModel.xcdatamodeld */,
				D8D659212A5BB42C003F2516 /* PersistenceController.swift */,
				D8AB9BC92A52705F00E5883C /* LottoData.swift */,
				D8D659052A556965003F2516 /* Lotto.swift */,
				D8F87BE32A62769C00940E3B /* PensionData.swift */,
				D8F87BE12A62750900940E3B /* Pension.swift */,
			);
			path = Models;
			sourceTree = "<group>";
		};
		D8AB9BCE2A5284DF00E5883C /* Views */ = {
			isa = PBXGroup;
			children = (
				D8AB9BBA2A526B5400E5883C /* ContentView.swift */,
				D87CA2232A791F7A0008FA9C /* MenuView.swift */,
				D87CA2252A7929B10008FA9C /* FetchingView.swift */,
				D8C4EE762A5545930092BCA6 /* Lotto */,
				D8C4EE772A5545A20092BCA6 /* Pension */,
				D8C4EE7E2A5545ED0092BCA6 /* SettingView.swift */,
				D8F87BD22A5DB66A00940E3B /* Common */,
			);
			path = Views;
			sourceTree = "<group>";
		};
		D8C4EE632A53F5D90092BCA6 /* Utils */ = {
			isa = PBXGroup;
			children = (
				D8AB9BD32A52B68B00E5883C /* ColorExtension.swift */,
				D8D659132A57D192003F2516 /* DateExtension.swift */,
				D87CA2332A7BC9160008FA9C /* StringExtension.swift */,
				D87CA2272A7944360008FA9C /* UserDefaults.swift */,
				D87CA2292A7A3AD20008FA9C /* CustomErrors.swift */,
			);
			path = Utils;
			sourceTree = "<group>";
		};
		D8C4EE642A542EC70092BCA6 /* Assets */ = {
			isa = PBXGroup;
			children = (
				D8C4EE652A542ED70092BCA6 /* Fonts */,
				D8AB9BBC2A526B5500E5883C /* Images.xcassets */,
				D87A8E3D2A7E4345002BA412 /* Colors.xcassets */,
			);
			path = Assets;
			sourceTree = "<group>";
		};
		D8C4EE652A542ED70092BCA6 /* Fonts */ = {
			isa = PBXGroup;
			children = (
				D8C4EE6F2A5434A40092BCA6 /* GangwonEduPower.ttf */,
			);
			path = Fonts;
			sourceTree = "<group>";
		};
		D8C4EE762A5545930092BCA6 /* Lotto */ = {
			isa = PBXGroup;
			children = (
				D87A8E412A7FA81E002BA412 /* DrawLot */,
				D87A8E422A7FA826002BA412 /* Stat */,
			);
			path = Lotto;
			sourceTree = "<group>";
		};
		D8C4EE772A5545A20092BCA6 /* Pension */ = {
			isa = PBXGroup;
			children = (
				D87A8E432A7FA831002BA412 /* DrawLot */,
				D87A8E442A7FA838002BA412 /* Stat */,
			);
			path = Pension;
			sourceTree = "<group>";
		};
		D8F87BD22A5DB66A00940E3B /* Common */ = {
			isa = PBXGroup;
			children = (
				D8C4EE712A5441D30092BCA6 /* BackgroundView.swift */,
				D8F87BDF2A6029C300940E3B /* DrawLotButton.swift */,
				D8D6590F2A568830003F2516 /* LoadingView.swift */,
				D8174BD32A5C311100FC76FC /* OffsetObservingScrollView.swift */,
				D8919DC92A5BE999008591F1 /* BarGraph.swift */,
				D8F87BD52A5DB93400940E3B /* RatioBarGraph.swift */,
				D8F87BE52A63AAF500940E3B /* RefreshButton.swift */,
				D87A8E3A2A7E244F002BA412 /* PawButton.swift */,
				D87A8E452A7FAB03002BA412 /* PagePicker.swift */,
			);
			path = Common;
			sourceTree = "<group>";
		};
/* End PBXGroup section */

/* Begin PBXNativeTarget section */
		D8AB9BB42A526B5400E5883C /* Lattery */ = {
			isa = PBXNativeTarget;
			buildConfigurationList = D8AB9BC42A526B5500E5883C /* Build configuration list for PBXNativeTarget "Lattery" */;
			buildPhases = (
				D8AB9BB12A526B5400E5883C /* Sources */,
				D8AB9BB22A526B5400E5883C /* Frameworks */,
				D8AB9BB32A526B5400E5883C /* Resources */,
			);
			buildRules = (
			);
			dependencies = (
			);
			name = Lattery;
			productName = Lattery;
			productReference = D8AB9BB52A526B5400E5883C /* Lattery.app */;
			productType = "com.apple.product-type.application";
		};
/* End PBXNativeTarget section */

/* Begin PBXProject section */
		D8AB9BAD2A526B5400E5883C /* Project object */ = {
			isa = PBXProject;
			attributes = {
				BuildIndependentTargetsInParallel = 1;
				LastSwiftUpdateCheck = 1420;
				LastUpgradeCheck = 1420;
				TargetAttributes = {
					D8AB9BB42A526B5400E5883C = {
						CreatedOnToolsVersion = 14.2;
					};
				};
			};
			buildConfigurationList = D8AB9BB02A526B5400E5883C /* Build configuration list for PBXProject "Lattery" */;
			compatibilityVersion = "Xcode 14.0";
			developmentRegion = en;
			hasScannedForEncodings = 0;
			knownRegions = (
				en,
				Base,
			);
			mainGroup = D8AB9BAC2A526B5400E5883C;
			productRefGroup = D8AB9BB62A526B5400E5883C /* Products */;
			projectDirPath = "";
			projectRoot = "";
			targets = (
				D8AB9BB42A526B5400E5883C /* Lattery */,
			);
		};
/* End PBXProject section */

/* Begin PBXResourcesBuildPhase section */
		D8AB9BB32A526B5400E5883C /* Resources */ = {
			isa = PBXResourcesBuildPhase;
			buildActionMask = 2147483647;
			files = (
				D87A8E3E2A7E4345002BA412 /* Colors.xcassets in Resources */,
				D8C4EE5E2A53F1FC0092BCA6 /* Launch Screen.storyboard in Resources */,
				D8AB9BC12A526B5500E5883C /* Preview Assets.xcassets in Resources */,
				D8AB9BBD2A526B5500E5883C /* Images.xcassets in Resources */,
				D8C4EE702A5434A40092BCA6 /* GangwonEduPower.ttf in Resources */,
			);
			runOnlyForDeploymentPostprocessing = 0;
		};
/* End PBXResourcesBuildPhase section */

/* Begin PBXSourcesBuildPhase section */
		D8AB9BB12A526B5400E5883C /* Sources */ = {
			isa = PBXSourcesBuildPhase;
			buildActionMask = 2147483647;
			files = (
				D8F87BDC2A5EEC8E00940E3B /* LottoNumberBoard.swift in Sources */,
				D87CA22E2A7BAA0F0008FA9C /* PensionResultList.swift in Sources */,
				D8AB9BC82A526E5800E5883C /* LottoDrawLotView.swift in Sources */,
				D87CA2142A7633860008FA9C /* LottoTicket.swift in Sources */,
				D87CA22C2A7BA05E0008FA9C /* PensionResultBoard.swift in Sources */,
				D87CA2342A7BC9160008FA9C /* StringExtension.swift in Sources */,
				D8D659282A5BCB2E003F2516 /* DataModel.xcdatamodeld in Sources */,
				D87CA2322A7BACE10008FA9C /* PensionResultDetail.swift in Sources */,
				D8F87BE02A6029C300940E3B /* DrawLotButton.swift in Sources */,
				D8C4EE722A5441D30092BCA6 /* BackgroundView.swift in Sources */,
				D87A8E3B2A7E244F002BA412 /* PawButton.swift in Sources */,
				D87A8E462A7FAB03002BA412 /* PagePicker.swift in Sources */,
				D87CA2162A76489B0008FA9C /* LottoTicketRow.swift in Sources */,
				D87CA2382A7BD6A80008FA9C /* PensionResultRow.swift in Sources */,
				D87CA2242A791F7A0008FA9C /* MenuView.swift in Sources */,
				D8F87BE42A62769C00940E3B /* PensionData.swift in Sources */,
				D8AB9BBB2A526B5400E5883C /* ContentView.swift in Sources */,
				D87CA2182A775A420008FA9C /* PensionBallRow.swift in Sources */,
				D8F87BE62A63AAF500940E3B /* RefreshButton.swift in Sources */,
				D8D659102A568830003F2516 /* LoadingView.swift in Sources */,
				D8D659062A556965003F2516 /* Lotto.swift in Sources */,
				D8919DCA2A5BE999008591F1 /* BarGraph.swift in Sources */,
				D8AB9BB92A526B5400E5883C /* LatteryApp.swift in Sources */,
				D87CA2282A7944360008FA9C /* UserDefaults.swift in Sources */,
				D8F87BE82A6404A500940E3B /* PensionBall.swift in Sources */,
				D8D6591A2A594D26003F2516 /* LottoResultBoard.swift in Sources */,
				D8C4EE7B2A5545D90092BCA6 /* PensionDrawLotView.swift in Sources */,
				D8AB9BCA2A52705F00E5883C /* LottoData.swift in Sources */,
				D8AB9BD42A52B68B00E5883C /* ColorExtension.swift in Sources */,
				D8F87BD62A5DB93400940E3B /* RatioBarGraph.swift in Sources */,
				D87CA21C2A77EF380008FA9C /* PensionTicketRow.swift in Sources */,
				D8174BD42A5C311100FC76FC /* OffsetObservingScrollView.swift in Sources */,
				D8D659142A57D192003F2516 /* DateExtension.swift in Sources */,
				D8F87BEA2A72332400940E3B /* LottoFavorites.swift in Sources */,
				D8F87BD82A5E95DF00940E3B /* LottoBallRow.swift in Sources */,
				D8F87BD42A5DB7A700940E3B /* LottoRatioGraphView.swift in Sources */,
				D8C4EE7F2A5545ED0092BCA6 /* SettingView.swift in Sources */,
				D8F87BE22A62750900940E3B /* Pension.swift in Sources */,
				D8AB9BD22A52ADD500E5883C /* LottoBall.swift in Sources */,
				D8D659222A5BB42C003F2516 /* PersistenceController.swift in Sources */,
				D87CA2262A7929B10008FA9C /* FetchingView.swift in Sources */,
				D87CA22A2A7A3AD20008FA9C /* CustomErrors.swift in Sources */,
				D87CA2302A7BAA410008FA9C /* PensionRatioGraphView.swift in Sources */,
				D87CA2362A7BD6360008FA9C /* LottoResultRow.swift in Sources */,
				D8C4EE792A5545C30092BCA6 /* LottoStatView.swift in Sources */,
				D87CA21E2A77F4E90008FA9C /* PensionNumberBoard.swift in Sources */,
				D8D659162A5806CE003F2516 /* LottoResultList.swift in Sources */,
				D8C4EE7D2A5545E40092BCA6 /* PensionStatView.swift in Sources */,
				D8D6591E2A5A61B2003F2516 /* LottoResultDetail.swift in Sources */,
				D87CA21A2A77ED240008FA9C /* PensionTicket.swift in Sources */,
				D8D659202A5BAEFD003F2516 /* LottoCountGraphView.swift in Sources */,
			);
			runOnlyForDeploymentPostprocessing = 0;
		};
/* End PBXSourcesBuildPhase section */

/* Begin XCBuildConfiguration section */
		D8AB9BC22A526B5500E5883C /* Debug */ = {
			isa = XCBuildConfiguration;
			buildSettings = {
				ALWAYS_SEARCH_USER_PATHS = NO;
				CLANG_ANALYZER_NONNULL = YES;
				CLANG_ANALYZER_NUMBER_OBJECT_CONVERSION = YES_AGGRESSIVE;
				CLANG_CXX_LANGUAGE_STANDARD = "gnu++20";
				CLANG_ENABLE_MODULES = YES;
				CLANG_ENABLE_OBJC_ARC = YES;
				CLANG_ENABLE_OBJC_WEAK = YES;
				CLANG_WARN_BLOCK_CAPTURE_AUTORELEASING = YES;
				CLANG_WARN_BOOL_CONVERSION = YES;
				CLANG_WARN_COMMA = YES;
				CLANG_WARN_CONSTANT_CONVERSION = YES;
				CLANG_WARN_DEPRECATED_OBJC_IMPLEMENTATIONS = YES;
				CLANG_WARN_DIRECT_OBJC_ISA_USAGE = YES_ERROR;
				CLANG_WARN_DOCUMENTATION_COMMENTS = YES;
				CLANG_WARN_EMPTY_BODY = YES;
				CLANG_WARN_ENUM_CONVERSION = YES;
				CLANG_WARN_INFINITE_RECURSION = YES;
				CLANG_WARN_INT_CONVERSION = YES;
				CLANG_WARN_NON_LITERAL_NULL_CONVERSION = YES;
				CLANG_WARN_OBJC_IMPLICIT_RETAIN_SELF = YES;
				CLANG_WARN_OBJC_LITERAL_CONVERSION = YES;
				CLANG_WARN_OBJC_ROOT_CLASS = YES_ERROR;
				CLANG_WARN_QUOTED_INCLUDE_IN_FRAMEWORK_HEADER = YES;
				CLANG_WARN_RANGE_LOOP_ANALYSIS = YES;
				CLANG_WARN_STRICT_PROTOTYPES = YES;
				CLANG_WARN_SUSPICIOUS_MOVE = YES;
				CLANG_WARN_UNGUARDED_AVAILABILITY = YES_AGGRESSIVE;
				CLANG_WARN_UNREACHABLE_CODE = YES;
				CLANG_WARN__DUPLICATE_METHOD_MATCH = YES;
				COPY_PHASE_STRIP = NO;
				DEBUG_INFORMATION_FORMAT = dwarf;
				ENABLE_STRICT_OBJC_MSGSEND = YES;
				ENABLE_TESTABILITY = YES;
				GCC_C_LANGUAGE_STANDARD = gnu11;
				GCC_DYNAMIC_NO_PIC = NO;
				GCC_NO_COMMON_BLOCKS = YES;
				GCC_OPTIMIZATION_LEVEL = 0;
				GCC_PREPROCESSOR_DEFINITIONS = (
					"DEBUG=1",
					"$(inherited)",
				);
				GCC_WARN_64_TO_32_BIT_CONVERSION = YES;
				GCC_WARN_ABOUT_RETURN_TYPE = YES_ERROR;
				GCC_WARN_UNDECLARED_SELECTOR = YES;
				GCC_WARN_UNINITIALIZED_AUTOS = YES_AGGRESSIVE;
				GCC_WARN_UNUSED_FUNCTION = YES;
				GCC_WARN_UNUSED_VARIABLE = YES;
				MTL_ENABLE_DEBUG_INFO = INCLUDE_SOURCE;
				MTL_FAST_MATH = YES;
				ONLY_ACTIVE_ARCH = YES;
				SWIFT_ACTIVE_COMPILATION_CONDITIONS = DEBUG;
				SWIFT_OPTIMIZATION_LEVEL = "-Onone";
			};
			name = Debug;
		};
		D8AB9BC32A526B5500E5883C /* Release */ = {
			isa = XCBuildConfiguration;
			buildSettings = {
				ALWAYS_SEARCH_USER_PATHS = NO;
				CLANG_ANALYZER_NONNULL = YES;
				CLANG_ANALYZER_NUMBER_OBJECT_CONVERSION = YES_AGGRESSIVE;
				CLANG_CXX_LANGUAGE_STANDARD = "gnu++20";
				CLANG_ENABLE_MODULES = YES;
				CLANG_ENABLE_OBJC_ARC = YES;
				CLANG_ENABLE_OBJC_WEAK = YES;
				CLANG_WARN_BLOCK_CAPTURE_AUTORELEASING = YES;
				CLANG_WARN_BOOL_CONVERSION = YES;
				CLANG_WARN_COMMA = YES;
				CLANG_WARN_CONSTANT_CONVERSION = YES;
				CLANG_WARN_DEPRECATED_OBJC_IMPLEMENTATIONS = YES;
				CLANG_WARN_DIRECT_OBJC_ISA_USAGE = YES_ERROR;
				CLANG_WARN_DOCUMENTATION_COMMENTS = YES;
				CLANG_WARN_EMPTY_BODY = YES;
				CLANG_WARN_ENUM_CONVERSION = YES;
				CLANG_WARN_INFINITE_RECURSION = YES;
				CLANG_WARN_INT_CONVERSION = YES;
				CLANG_WARN_NON_LITERAL_NULL_CONVERSION = YES;
				CLANG_WARN_OBJC_IMPLICIT_RETAIN_SELF = YES;
				CLANG_WARN_OBJC_LITERAL_CONVERSION = YES;
				CLANG_WARN_OBJC_ROOT_CLASS = YES_ERROR;
				CLANG_WARN_QUOTED_INCLUDE_IN_FRAMEWORK_HEADER = YES;
				CLANG_WARN_RANGE_LOOP_ANALYSIS = YES;
				CLANG_WARN_STRICT_PROTOTYPES = YES;
				CLANG_WARN_SUSPICIOUS_MOVE = YES;
				CLANG_WARN_UNGUARDED_AVAILABILITY = YES_AGGRESSIVE;
				CLANG_WARN_UNREACHABLE_CODE = YES;
				CLANG_WARN__DUPLICATE_METHOD_MATCH = YES;
				COPY_PHASE_STRIP = NO;
				DEBUG_INFORMATION_FORMAT = "dwarf-with-dsym";
				ENABLE_NS_ASSERTIONS = NO;
				ENABLE_STRICT_OBJC_MSGSEND = YES;
				GCC_C_LANGUAGE_STANDARD = gnu11;
				GCC_NO_COMMON_BLOCKS = YES;
				GCC_WARN_64_TO_32_BIT_CONVERSION = YES;
				GCC_WARN_ABOUT_RETURN_TYPE = YES_ERROR;
				GCC_WARN_UNDECLARED_SELECTOR = YES;
				GCC_WARN_UNINITIALIZED_AUTOS = YES_AGGRESSIVE;
				GCC_WARN_UNUSED_FUNCTION = YES;
				GCC_WARN_UNUSED_VARIABLE = YES;
				MTL_ENABLE_DEBUG_INFO = NO;
				MTL_FAST_MATH = YES;
				SWIFT_COMPILATION_MODE = wholemodule;
				SWIFT_OPTIMIZATION_LEVEL = "-O";
			};
			name = Release;
		};
		D8AB9BC52A526B5500E5883C /* Debug */ = {
			isa = XCBuildConfiguration;
			buildSettings = {
				ASSETCATALOG_COMPILER_APPICON_NAME = AppIcon;
				ASSETCATALOG_COMPILER_GLOBAL_ACCENT_COLOR_NAME = AccentColor;
				CODE_SIGN_ENTITLEMENTS = Lattery/Lattery.entitlements;
				CODE_SIGN_STYLE = Automatic;
				CURRENT_PROJECT_VERSION = 1;
				DEVELOPMENT_ASSET_PATHS = "\"Lattery/Preview Content\"";
				DEVELOPMENT_TEAM = Q9UQ8U75N8;
				ENABLE_HARDENED_RUNTIME = YES;
				ENABLE_PREVIEWS = YES;
				GENERATE_INFOPLIST_FILE = YES;
				INFOPLIST_FILE = Lattery/Info.plist;
				INFOPLIST_KEY_CFBundleDisplayName = Lattery;
				INFOPLIST_KEY_LSApplicationCategoryType = "public.app-category.lifestyle";
				"INFOPLIST_KEY_UIApplicationSceneManifest_Generation[sdk=iphoneos*]" = YES;
				"INFOPLIST_KEY_UIApplicationSceneManifest_Generation[sdk=iphonesimulator*]" = YES;
				"INFOPLIST_KEY_UIApplicationSupportsIndirectInputEvents[sdk=iphoneos*]" = YES;
				"INFOPLIST_KEY_UIApplicationSupportsIndirectInputEvents[sdk=iphonesimulator*]" = YES;
				"INFOPLIST_KEY_UILaunchScreen_Generation[sdk=iphoneos*]" = YES;
				"INFOPLIST_KEY_UILaunchScreen_Generation[sdk=iphonesimulator*]" = YES;
				INFOPLIST_KEY_UILaunchStoryboardName = "Launch Screen.storyboard";
				INFOPLIST_KEY_UIStatusBarStyle = "";
				"INFOPLIST_KEY_UIStatusBarStyle[sdk=iphoneos*]" = UIStatusBarStyleDefault;
				"INFOPLIST_KEY_UIStatusBarStyle[sdk=iphonesimulator*]" = UIStatusBarStyleDefault;
				INFOPLIST_KEY_UISupportedInterfaceOrientations = "UIInterfaceOrientationPortrait UIInterfaceOrientationPortraitUpsideDown";
				IPHONEOS_DEPLOYMENT_TARGET = 15.0;
				LD_RUNPATH_SEARCH_PATHS = "@executable_path/Frameworks";
				"LD_RUNPATH_SEARCH_PATHS[sdk=macosx*]" = "@executable_path/../Frameworks";
				MACOSX_DEPLOYMENT_TARGET = 12.0;
				MARKETING_VERSION = 1.0;
				PRODUCT_BUNDLE_IDENTIFIER = dodor.Lattery;
				PRODUCT_NAME = "$(TARGET_NAME)";
				SDKROOT = auto;
				SUPPORTED_PLATFORMS = "iphoneos iphonesimulator";
				SUPPORTS_MACCATALYST = NO;
				SUPPORTS_MAC_DESIGNED_FOR_IPHONE_IPAD = NO;
				SWIFT_EMIT_LOC_STRINGS = YES;
				SWIFT_VERSION = 5.0;
				TARGETED_DEVICE_FAMILY = "1,2";
			};
			name = Debug;
		};
		D8AB9BC62A526B5500E5883C /* Release */ = {
			isa = XCBuildConfiguration;
			buildSettings = {
				ASSETCATALOG_COMPILER_APPICON_NAME = AppIcon;
				ASSETCATALOG_COMPILER_GLOBAL_ACCENT_COLOR_NAME = AccentColor;
				CODE_SIGN_ENTITLEMENTS = Lattery/Lattery.entitlements;
				CODE_SIGN_STYLE = Automatic;
				CURRENT_PROJECT_VERSION = 1;
				DEVELOPMENT_ASSET_PATHS = "\"Lattery/Preview Content\"";
				DEVELOPMENT_TEAM = Q9UQ8U75N8;
				ENABLE_HARDENED_RUNTIME = YES;
				ENABLE_PREVIEWS = YES;
				GENERATE_INFOPLIST_FILE = YES;
				INFOPLIST_FILE = Lattery/Info.plist;
				INFOPLIST_KEY_CFBundleDisplayName = Lattery;
				INFOPLIST_KEY_LSApplicationCategoryType = "public.app-category.lifestyle";
				"INFOPLIST_KEY_UIApplicationSceneManifest_Generation[sdk=iphoneos*]" = YES;
				"INFOPLIST_KEY_UIApplicationSceneManifest_Generation[sdk=iphonesimulator*]" = YES;
				"INFOPLIST_KEY_UIApplicationSupportsIndirectInputEvents[sdk=iphoneos*]" = YES;
				"INFOPLIST_KEY_UIApplicationSupportsIndirectInputEvents[sdk=iphonesimulator*]" = YES;
				"INFOPLIST_KEY_UILaunchScreen_Generation[sdk=iphoneos*]" = YES;
				"INFOPLIST_KEY_UILaunchScreen_Generation[sdk=iphonesimulator*]" = YES;
				INFOPLIST_KEY_UILaunchStoryboardName = "Launch Screen.storyboard";
				INFOPLIST_KEY_UIStatusBarStyle = "";
				"INFOPLIST_KEY_UIStatusBarStyle[sdk=iphoneos*]" = UIStatusBarStyleDefault;
				"INFOPLIST_KEY_UIStatusBarStyle[sdk=iphonesimulator*]" = UIStatusBarStyleDefault;
				INFOPLIST_KEY_UISupportedInterfaceOrientations = "UIInterfaceOrientationPortrait UIInterfaceOrientationPortraitUpsideDown";
				IPHONEOS_DEPLOYMENT_TARGET = 15.0;
				LD_RUNPATH_SEARCH_PATHS = "@executable_path/Frameworks";
				"LD_RUNPATH_SEARCH_PATHS[sdk=macosx*]" = "@executable_path/../Frameworks";
				MACOSX_DEPLOYMENT_TARGET = 12.0;
				MARKETING_VERSION = 1.0;
				PRODUCT_BUNDLE_IDENTIFIER = dodor.Lattery;
				PRODUCT_NAME = "$(TARGET_NAME)";
				SDKROOT = auto;
				SUPPORTED_PLATFORMS = "iphoneos iphonesimulator";
				SUPPORTS_MACCATALYST = NO;
				SUPPORTS_MAC_DESIGNED_FOR_IPHONE_IPAD = NO;
				SWIFT_EMIT_LOC_STRINGS = YES;
				SWIFT_VERSION = 5.0;
				TARGETED_DEVICE_FAMILY = "1,2";
			};
			name = Release;
		};
/* End XCBuildConfiguration section */

/* Begin XCConfigurationList section */
		D8AB9BB02A526B5400E5883C /* Build configuration list for PBXProject "Lattery" */ = {
			isa = XCConfigurationList;
			buildConfigurations = (
				D8AB9BC22A526B5500E5883C /* Debug */,
				D8AB9BC32A526B5500E5883C /* Release */,
			);
			defaultConfigurationIsVisible = 0;
			defaultConfigurationName = Release;
		};
		D8AB9BC42A526B5500E5883C /* Build configuration list for PBXNativeTarget "Lattery" */ = {
			isa = XCConfigurationList;
			buildConfigurations = (
				D8AB9BC52A526B5500E5883C /* Debug */,
				D8AB9BC62A526B5500E5883C /* Release */,
			);
			defaultConfigurationIsVisible = 0;
			defaultConfigurationName = Release;
		};
/* End XCConfigurationList section */

/* Begin XCVersionGroup section */
		D8D659262A5BCB2E003F2516 /* DataModel.xcdatamodeld */ = {
			isa = XCVersionGroup;
			children = (
				D8D659272A5BCB2E003F2516 /* DataModel.xcdatamodel */,
			);
			currentVersion = D8D659272A5BCB2E003F2516 /* DataModel.xcdatamodel */;
			path = DataModel.xcdatamodeld;
			sourceTree = "<group>";
			versionGroupType = wrapper.xcdatamodel;
		};
/* End XCVersionGroup section */
	};
	rootObject = D8AB9BAD2A526B5400E5883C /* Project object */;
}
