// !$*UTF8*$!
{
	archiveVersion = 1;
	classes = {
	};
	objectVersion = 56;
	objects = {

/* Begin PBXBuildFile section */
		D8AB9BB92A526B5400E5883C /* LatteryApp.swift in Sources */ = {isa = PBXBuildFile; fileRef = D8AB9BB82A526B5400E5883C /* LatteryApp.swift */; };
		D8AB9BBB2A526B5400E5883C /* ContentView.swift in Sources */ = {isa = PBXBuildFile; fileRef = D8AB9BBA2A526B5400E5883C /* ContentView.swift */; };
		D8AB9BBD2A526B5500E5883C /* Assets.xcassets in Resources */ = {isa = PBXBuildFile; fileRef = D8AB9BBC2A526B5500E5883C /* Assets.xcassets */; };
		D8AB9BC12A526B5500E5883C /* Preview Assets.xcassets in Resources */ = {isa = PBXBuildFile; fileRef = D8AB9BC02A526B5500E5883C /* Preview Assets.xcassets */; };
		D8AB9BC82A526E5800E5883C /* DrawingLotView.swift in Sources */ = {isa = PBXBuildFile; fileRef = D8AB9BC72A526E5800E5883C /* DrawingLotView.swift */; };
		D8AB9BCA2A52705F00E5883C /* DrawingLotData.swift in Sources */ = {isa = PBXBuildFile; fileRef = D8AB9BC92A52705F00E5883C /* DrawingLotData.swift */; };
		D8AB9BCC2A52841200E5883C /* WinNumberFetcher.swift in Sources */ = {isa = PBXBuildFile; fileRef = D8AB9BCB2A52841200E5883C /* WinNumberFetcher.swift */; };
		D8AB9BD22A52ADD500E5883C /* LottoBall.swift in Sources */ = {isa = PBXBuildFile; fileRef = D8AB9BD12A52ADD500E5883C /* LottoBall.swift */; };
		D8AB9BD42A52B68B00E5883C /* ColorExtension.swift in Sources */ = {isa = PBXBuildFile; fileRef = D8AB9BD32A52B68B00E5883C /* ColorExtension.swift */; };
/* End PBXBuildFile section */

/* Begin PBXFileReference section */
		D8AB9BB52A526B5400E5883C /* Lattery.app */ = {isa = PBXFileReference; explicitFileType = wrapper.application; includeInIndex = 0; path = Lattery.app; sourceTree = BUILT_PRODUCTS_DIR; };
		D8AB9BB82A526B5400E5883C /* LatteryApp.swift */ = {isa = PBXFileReference; lastKnownFileType = sourcecode.swift; path = LatteryApp.swift; sourceTree = "<group>"; };
		D8AB9BBA2A526B5400E5883C /* ContentView.swift */ = {isa = PBXFileReference; lastKnownFileType = sourcecode.swift; path = ContentView.swift; sourceTree = "<group>"; };
		D8AB9BBC2A526B5500E5883C /* Assets.xcassets */ = {isa = PBXFileReference; lastKnownFileType = folder.assetcatalog; path = Assets.xcassets; sourceTree = "<group>"; };
		D8AB9BBE2A526B5500E5883C /* Lattery.entitlements */ = {isa = PBXFileReference; lastKnownFileType = text.plist.entitlements; path = Lattery.entitlements; sourceTree = "<group>"; };
		D8AB9BC02A526B5500E5883C /* Preview Assets.xcassets */ = {isa = PBXFileReference; lastKnownFileType = folder.assetcatalog; path = "Preview Assets.xcassets"; sourceTree = "<group>"; };
		D8AB9BC72A526E5800E5883C /* DrawingLotView.swift */ = {isa = PBXFileReference; lastKnownFileType = sourcecode.swift; path = DrawingLotView.swift; sourceTree = "<group>"; };
		D8AB9BC92A52705F00E5883C /* DrawingLotData.swift */ = {isa = PBXFileReference; lastKnownFileType = sourcecode.swift; path = DrawingLotData.swift; sourceTree = "<group>"; };
		D8AB9BCB2A52841200E5883C /* WinNumberFetcher.swift */ = {isa = PBXFileReference; lastKnownFileType = sourcecode.swift; path = WinNumberFetcher.swift; sourceTree = "<group>"; };
		D8AB9BD12A52ADD500E5883C /* LottoBall.swift */ = {isa = PBXFileReference; lastKnownFileType = sourcecode.swift; path = LottoBall.swift; sourceTree = "<group>"; };
		D8AB9BD32A52B68B00E5883C /* ColorExtension.swift */ = {isa = PBXFileReference; lastKnownFileType = sourcecode.swift; path = ColorExtension.swift; sourceTree = "<group>"; };
/* End PBXFileReference section */

/* Begin PBXFrameworksBuildPhase section */
		D8AB9BB22A526B5400E5883C /* Frameworks */ = {
			isa = PBXFrameworksBuildPhase;
			buildActionMask = 2147483647;
			files = (
			);
			runOnlyForDeploymentPostprocessing = 0;
		};
/* End PBXFrameworksBuildPhase section */

/* Begin PBXGroup section */
		D8AB9BAC2A526B5400E5883C = {
			isa = PBXGroup;
			children = (
				D8AB9BB72A526B5400E5883C /* Lattery */,
				D8AB9BB62A526B5400E5883C /* Products */,
			);
			sourceTree = "<group>";
		};
		D8AB9BB62A526B5400E5883C /* Products */ = {
			isa = PBXGroup;
			children = (
				D8AB9BB52A526B5400E5883C /* Lattery.app */,
			);
			name = Products;
			sourceTree = "<group>";
		};
		D8AB9BB72A526B5400E5883C /* Lattery */ = {
			isa = PBXGroup;
			children = (
				D8AB9BB82A526B5400E5883C /* LatteryApp.swift */,
				D8AB9BCE2A5284DF00E5883C /* Views */,
				D8AB9BCD2A5284CB00E5883C /* Models */,
				D8AB9BBC2A526B5500E5883C /* Assets.xcassets */,
				D8AB9BBE2A526B5500E5883C /* Lattery.entitlements */,
				D8AB9BBF2A526B5500E5883C /* Preview Content */,
				D8AB9BD32A52B68B00E5883C /* ColorExtension.swift */,
			);
			path = Lattery;
			sourceTree = "<group>";
		};
		D8AB9BBF2A526B5500E5883C /* Preview Content */ = {
			isa = PBXGroup;
			children = (
				D8AB9BC02A526B5500E5883C /* Preview Assets.xcassets */,
			);
			path = "Preview Content";
			sourceTree = "<group>";
		};
		D8AB9BCD2A5284CB00E5883C /* Models */ = {
			isa = PBXGroup;
			children = (
				D8AB9BC92A52705F00E5883C /* DrawingLotData.swift */,
				D8AB9BCB2A52841200E5883C /* WinNumberFetcher.swift */,
			);
			path = Models;
			sourceTree = "<group>";
		};
		D8AB9BCE2A5284DF00E5883C /* Views */ = {
			isa = PBXGroup;
			children = (
				D8AB9BBA2A526B5400E5883C /* ContentView.swift */,
				D8AB9BC72A526E5800E5883C /* DrawingLotView.swift */,
				D8AB9BD12A52ADD500E5883C /* LottoBall.swift */,
			);
			path = Views;
			sourceTree = "<group>";
		};
/* End PBXGroup section */

/* Begin PBXNativeTarget section */
		D8AB9BB42A526B5400E5883C /* Lattery */ = {
			isa = PBXNativeTarget;
			buildConfigurationList = D8AB9BC42A526B5500E5883C /* Build configuration list for PBXNativeTarget "Lattery" */;
			buildPhases = (
				D8AB9BB12A526B5400E5883C /* Sources */,
				D8AB9BB22A526B5400E5883C /* Frameworks */,
				D8AB9BB32A526B5400E5883C /* Resources */,
			);
			buildRules = (
			);
			dependencies = (
			);
			name = Lattery;
			productName = Lattery;
			productReference = D8AB9BB52A526B5400E5883C /* Lattery.app */;
			productType = "com.apple.product-type.application";
		};
/* End PBXNativeTarget section */

/* Begin PBXProject section */
		D8AB9BAD2A526B5400E5883C /* Project object */ = {
			isa = PBXProject;
			attributes = {
				BuildIndependentTargetsInParallel = 1;
				LastSwiftUpdateCheck = 1420;
				LastUpgradeCheck = 1420;
				TargetAttributes = {
					D8AB9BB42A526B5400E5883C = {
						CreatedOnToolsVersion = 14.2;
					};
				};
			};
			buildConfigurationList = D8AB9BB02A526B5400E5883C /* Build configuration list for PBXProject "Lattery" */;
			compatibilityVersion = "Xcode 14.0";
			developmentRegion = en;
			hasScannedForEncodings = 0;
			knownRegions = (
				en,
				Base,
			);
			mainGroup = D8AB9BAC2A526B5400E5883C;
			productRefGroup = D8AB9BB62A526B5400E5883C /* Products */;
			projectDirPath = "";
			projectRoot = "";
			targets = (
				D8AB9BB42A526B5400E5883C /* Lattery */,
			);
		};
/* End PBXProject section */

/* Begin PBXResourcesBuildPhase section */
		D8AB9BB32A526B5400E5883C /* Resources */ = {
			isa = PBXResourcesBuildPhase;
			buildActionMask = 2147483647;
			files = (
				D8AB9BC12A526B5500E5883C /* Preview Assets.xcassets in Resources */,
				D8AB9BBD2A526B5500E5883C /* Assets.xcassets in Resources */,
			);
			runOnlyForDeploymentPostprocessing = 0;
		};
/* End PBXResourcesBuildPhase section */

/* Begin PBXSourcesBuildPhase section */
		D8AB9BB12A526B5400E5883C /* Sources */ = {
			isa = PBXSourcesBuildPhase;
			buildActionMask = 2147483647;
			files = (
				D8AB9BCC2A52841200E5883C /* WinNumberFetcher.swift in Sources */,
				D8AB9BC82A526E5800E5883C /* DrawingLotView.swift in Sources */,
				D8AB9BBB2A526B5400E5883C /* ContentView.swift in Sources */,
				D8AB9BB92A526B5400E5883C /* LatteryApp.swift in Sources */,
				D8AB9BCA2A52705F00E5883C /* DrawingLotData.swift in Sources */,
				D8AB9BD42A52B68B00E5883C /* ColorExtension.swift in Sources */,
				D8AB9BD22A52ADD500E5883C /* LottoBall.swift in Sources */,
			);
			runOnlyForDeploymentPostprocessing = 0;
		};
/* End PBXSourcesBuildPhase section */

/* Begin XCBuildConfiguration section */
		D8AB9BC22A526B5500E5883C /* Debug */ = {
			isa = XCBuildConfiguration;
			buildSettings = {
				ALWAYS_SEARCH_USER_PATHS = NO;
				CLANG_ANALYZER_NONNULL = YES;
				CLANG_ANALYZER_NUMBER_OBJECT_CONVERSION = YES_AGGRESSIVE;
				CLANG_CXX_LANGUAGE_STANDARD = "gnu++20";
				CLANG_ENABLE_MODULES = YES;
				CLANG_ENABLE_OBJC_ARC = YES;
				CLANG_ENABLE_OBJC_WEAK = YES;
				CLANG_WARN_BLOCK_CAPTURE_AUTORELEASING = YES;
				CLANG_WARN_BOOL_CONVERSION = YES;
				CLANG_WARN_COMMA = YES;
				CLANG_WARN_CONSTANT_CONVERSION = YES;
				CLANG_WARN_DEPRECATED_OBJC_IMPLEMENTATIONS = YES;
				CLANG_WARN_DIRECT_OBJC_ISA_USAGE = YES_ERROR;
				CLANG_WARN_DOCUMENTATION_COMMENTS = YES;
				CLANG_WARN_EMPTY_BODY = YES;
				CLANG_WARN_ENUM_CONVERSION = YES;
				CLANG_WARN_INFINITE_RECURSION = YES;
				CLANG_WARN_INT_CONVERSION = YES;
				CLANG_WARN_NON_LITERAL_NULL_CONVERSION = YES;
				CLANG_WARN_OBJC_IMPLICIT_RETAIN_SELF = YES;
				CLANG_WARN_OBJC_LITERAL_CONVERSION = YES;
				CLANG_WARN_OBJC_ROOT_CLASS = YES_ERROR;
				CLANG_WARN_QUOTED_INCLUDE_IN_FRAMEWORK_HEADER = YES;
				CLANG_WARN_RANGE_LOOP_ANALYSIS = YES;
				CLANG_WARN_STRICT_PROTOTYPES = YES;
				CLANG_WARN_SUSPICIOUS_MOVE = YES;
				CLANG_WARN_UNGUARDED_AVAILABILITY = YES_AGGRESSIVE;
				CLANG_WARN_UNREACHABLE_CODE = YES;
				CLANG_WARN__DUPLICATE_METHOD_MATCH = YES;
				COPY_PHASE_STRIP = NO;
				DEBUG_INFORMATION_FORMAT = dwarf;
				ENABLE_STRICT_OBJC_MSGSEND = YES;
				ENABLE_TESTABILITY = YES;
				GCC_C_LANGUAGE_STANDARD = gnu11;
				GCC_DYNAMIC_NO_PIC = NO;
				GCC_NO_COMMON_BLOCKS = YES;
				GCC_OPTIMIZATION_LEVEL = 0;
				GCC_PREPROCESSOR_DEFINITIONS = (
					"DEBUG=1",
					"$(inherited)",
				);
				GCC_WARN_64_TO_32_BIT_CONVERSION = YES;
				GCC_WARN_ABOUT_RETURN_TYPE = YES_ERROR;
				GCC_WARN_UNDECLARED_SELECTOR = YES;
				GCC_WARN_UNINITIALIZED_AUTOS = YES_AGGRESSIVE;
				GCC_WARN_UNUSED_FUNCTION = YES;
				GCC_WARN_UNUSED_VARIABLE = YES;
				MTL_ENABLE_DEBUG_INFO = INCLUDE_SOURCE;
				MTL_FAST_MATH = YES;
				ONLY_ACTIVE_ARCH = YES;
				SWIFT_ACTIVE_COMPILATION_CONDITIONS = DEBUG;
				SWIFT_OPTIMIZATION_LEVEL = "-Onone";
			};
			name = Debug;
		};
		D8AB9BC32A526B5500E5883C /* Release */ = {
			isa = XCBuildConfiguration;
			buildSettings = {
				ALWAYS_SEARCH_USER_PATHS = NO;
				CLANG_ANALYZER_NONNULL = YES;
				CLANG_ANALYZER_NUMBER_OBJECT_CONVERSION = YES_AGGRESSIVE;
				CLANG_CXX_LANGUAGE_STANDARD = "gnu++20";
				CLANG_ENABLE_MODULES = YES;
				CLANG_ENABLE_OBJC_ARC = YES;
				CLANG_ENABLE_OBJC_WEAK = YES;
				CLANG_WARN_BLOCK_CAPTURE_AUTORELEASING = YES;
				CLANG_WARN_BOOL_CONVERSION = YES;
				CLANG_WARN_COMMA = YES;
				CLANG_WARN_CONSTANT_CONVERSION = YES;
				CLANG_WARN_DEPRECATED_OBJC_IMPLEMENTATIONS = YES;
				CLANG_WARN_DIRECT_OBJC_ISA_USAGE = YES_ERROR;
				CLANG_WARN_DOCUMENTATION_COMMENTS = YES;
				CLANG_WARN_EMPTY_BODY = YES;
				CLANG_WARN_ENUM_CONVERSION = YES;
				CLANG_WARN_INFINITE_RECURSION = YES;
				CLANG_WARN_INT_CONVERSION = YES;
				CLANG_WARN_NON_LITERAL_NULL_CONVERSION = YES;
				CLANG_WARN_OBJC_IMPLICIT_RETAIN_SELF = YES;
				CLANG_WARN_OBJC_LITERAL_CONVERSION = YES;
				CLANG_WARN_OBJC_ROOT_CLASS = YES_ERROR;
				CLANG_WARN_QUOTED_INCLUDE_IN_FRAMEWORK_HEADER = YES;
				CLANG_WARN_RANGE_LOOP_ANALYSIS = YES;
				CLANG_WARN_STRICT_PROTOTYPES = YES;
				CLANG_WARN_SUSPICIOUS_MOVE = YES;
				CLANG_WARN_UNGUARDED_AVAILABILITY = YES_AGGRESSIVE;
				CLANG_WARN_UNREACHABLE_CODE = YES;
				CLANG_WARN__DUPLICATE_METHOD_MATCH = YES;
				COPY_PHASE_STRIP = NO;
				DEBUG_INFORMATION_FORMAT = "dwarf-with-dsym";
				ENABLE_NS_ASSERTIONS = NO;
				ENABLE_STRICT_OBJC_MSGSEND = YES;
				GCC_C_LANGUAGE_STANDARD = gnu11;
				GCC_NO_COMMON_BLOCKS = YES;
				GCC_WARN_64_TO_32_BIT_CONVERSION = YES;
				GCC_WARN_ABOUT_RETURN_TYPE = YES_ERROR;
				GCC_WARN_UNDECLARED_SELECTOR = YES;
				GCC_WARN_UNINITIALIZED_AUTOS = YES_AGGRESSIVE;
				GCC_WARN_UNUSED_FUNCTION = YES;
				GCC_WARN_UNUSED_VARIABLE = YES;
				MTL_ENABLE_DEBUG_INFO = NO;
				MTL_FAST_MATH = YES;
				SWIFT_COMPILATION_MODE = wholemodule;
				SWIFT_OPTIMIZATION_LEVEL = "-O";
			};
			name = Release;
		};
		D8AB9BC52A526B5500E5883C /* Debug */ = {
			isa = XCBuildConfiguration;
			buildSettings = {
				ASSETCATALOG_COMPILER_APPICON_NAME = AppIcon;
				ASSETCATALOG_COMPILER_GLOBAL_ACCENT_COLOR_NAME = AccentColor;
				CODE_SIGN_ENTITLEMENTS = Lattery/Lattery.entitlements;
				CODE_SIGN_STYLE = Automatic;
				CURRENT_PROJECT_VERSION = 1;
				DEVELOPMENT_ASSET_PATHS = "\"Lattery/Preview Content\"";
				DEVELOPMENT_TEAM = Q9UQ8U75N8;
				ENABLE_HARDENED_RUNTIME = YES;
				ENABLE_PREVIEWS = YES;
				GENERATE_INFOPLIST_FILE = YES;
				"INFOPLIST_KEY_UIApplicationSceneManifest_Generation[sdk=iphoneos*]" = YES;
				"INFOPLIST_KEY_UIApplicationSceneManifest_Generation[sdk=iphonesimulator*]" = YES;
				"INFOPLIST_KEY_UIApplicationSupportsIndirectInputEvents[sdk=iphoneos*]" = YES;
				"INFOPLIST_KEY_UIApplicationSupportsIndirectInputEvents[sdk=iphonesimulator*]" = YES;
				"INFOPLIST_KEY_UILaunchScreen_Generation[sdk=iphoneos*]" = YES;
				"INFOPLIST_KEY_UILaunchScreen_Generation[sdk=iphonesimulator*]" = YES;
				"INFOPLIST_KEY_UIStatusBarStyle[sdk=iphoneos*]" = UIStatusBarStyleDefault;
				"INFOPLIST_KEY_UIStatusBarStyle[sdk=iphonesimulator*]" = UIStatusBarStyleDefault;
				INFOPLIST_KEY_UISupportedInterfaceOrientations_iPad = "UIInterfaceOrientationPortrait UIInterfaceOrientationPortraitUpsideDown UIInterfaceOrientationLandscapeLeft UIInterfaceOrientationLandscapeRight";
				INFOPLIST_KEY_UISupportedInterfaceOrientations_iPhone = "UIInterfaceOrientationPortrait UIInterfaceOrientationLandscapeLeft UIInterfaceOrientationLandscapeRight";
				IPHONEOS_DEPLOYMENT_TARGET = 16.0;
				LD_RUNPATH_SEARCH_PATHS = "@executable_path/Frameworks";
				"LD_RUNPATH_SEARCH_PATHS[sdk=macosx*]" = "@executable_path/../Frameworks";
				MACOSX_DEPLOYMENT_TARGET = 13.0;
				MARKETING_VERSION = 1.0;
				PRODUCT_BUNDLE_IDENTIFIER = dodor.Lattery;
				PRODUCT_NAME = "$(TARGET_NAME)";
				SDKROOT = auto;
				SUPPORTED_PLATFORMS = "iphoneos iphonesimulator macosx";
				SWIFT_EMIT_LOC_STRINGS = YES;
				SWIFT_VERSION = 5.0;
				TARGETED_DEVICE_FAMILY = "1,2";
			};
			name = Debug;
		};
		D8AB9BC62A526B5500E5883C /* Release */ = {
			isa = XCBuildConfiguration;
			buildSettings = {
				ASSETCATALOG_COMPILER_APPICON_NAME = AppIcon;
				ASSETCATALOG_COMPILER_GLOBAL_ACCENT_COLOR_NAME = AccentColor;
				CODE_SIGN_ENTITLEMENTS = Lattery/Lattery.entitlements;
				CODE_SIGN_STYLE = Automatic;
				CURRENT_PROJECT_VERSION = 1;
				DEVELOPMENT_ASSET_PATHS = "\"Lattery/Preview Content\"";
				DEVELOPMENT_TEAM = Q9UQ8U75N8;
				ENABLE_HARDENED_RUNTIME = YES;
				ENABLE_PREVIEWS = YES;
				GENERATE_INFOPLIST_FILE = YES;
				"INFOPLIST_KEY_UIApplicationSceneManifest_Generation[sdk=iphoneos*]" = YES;
				"INFOPLIST_KEY_UIApplicationSceneManifest_Generation[sdk=iphonesimulator*]" = YES;
				"INFOPLIST_KEY_UIApplicationSupportsIndirectInputEvents[sdk=iphoneos*]" = YES;
				"INFOPLIST_KEY_UIApplicationSupportsIndirectInputEvents[sdk=iphonesimulator*]" = YES;
				"INFOPLIST_KEY_UILaunchScreen_Generation[sdk=iphoneos*]" = YES;
				"INFOPLIST_KEY_UILaunchScreen_Generation[sdk=iphonesimulator*]" = YES;
				"INFOPLIST_KEY_UIStatusBarStyle[sdk=iphoneos*]" = UIStatusBarStyleDefault;
				"INFOPLIST_KEY_UIStatusBarStyle[sdk=iphonesimulator*]" = UIStatusBarStyleDefault;
				INFOPLIST_KEY_UISupportedInterfaceOrientations_iPad = "UIInterfaceOrientationPortrait UIInterfaceOrientationPortraitUpsideDown UIInterfaceOrientationLandscapeLeft UIInterfaceOrientationLandscapeRight";
				INFOPLIST_KEY_UISupportedInterfaceOrientations_iPhone = "UIInterfaceOrientationPortrait UIInterfaceOrientationLandscapeLeft UIInterfaceOrientationLandscapeRight";
				IPHONEOS_DEPLOYMENT_TARGET = 16.0;
				LD_RUNPATH_SEARCH_PATHS = "@executable_path/Frameworks";
				"LD_RUNPATH_SEARCH_PATHS[sdk=macosx*]" = "@executable_path/../Frameworks";
				MACOSX_DEPLOYMENT_TARGET = 13.0;
				MARKETING_VERSION = 1.0;
				PRODUCT_BUNDLE_IDENTIFIER = dodor.Lattery;
				PRODUCT_NAME = "$(TARGET_NAME)";
				SDKROOT = auto;
				SUPPORTED_PLATFORMS = "iphoneos iphonesimulator macosx";
				SWIFT_EMIT_LOC_STRINGS = YES;
				SWIFT_VERSION = 5.0;
				TARGETED_DEVICE_FAMILY = "1,2";
			};
			name = Release;
		};
/* End XCBuildConfiguration section */

/* Begin XCConfigurationList section */
		D8AB9BB02A526B5400E5883C /* Build configuration list for PBXProject "Lattery" */ = {
			isa = XCConfigurationList;
			buildConfigurations = (
				D8AB9BC22A526B5500E5883C /* Debug */,
				D8AB9BC32A526B5500E5883C /* Release */,
			);
			defaultConfigurationIsVisible = 0;
			defaultConfigurationName = Release;
		};
		D8AB9BC42A526B5500E5883C /* Build configuration list for PBXNativeTarget "Lattery" */ = {
			isa = XCConfigurationList;
			buildConfigurations = (
				D8AB9BC52A526B5500E5883C /* Debug */,
				D8AB9BC62A526B5500E5883C /* Release */,
			);
			defaultConfigurationIsVisible = 0;
			defaultConfigurationName = Release;
		};
/* End XCConfigurationList section */
	};
	rootObject = D8AB9BAD2A526B5400E5883C /* Project object */;
}
